
Microsoft Visual Studio Solution File, Format Version 12.00
Project("{FAE04EC0-301F-11D3-BF4B-00C04F79EFBC}") = "Baddy", "Baddy\Baddy.csproj", "{72E58B60-D86F-481C-B628-9ABE01F213BD}"
EndProject
Project("{FAE04EC0-301F-11D3-BF4B-00C04F79EFBC}") = "Baddy.Android", "Baddy.Android\Baddy.Android.csproj", "{FB564151-DAA0-403E-AAA1-1215578823C3}"
EndProject
Project("{FAE04EC0-301F-11D3-BF4B-00C04F79EFBC}") = "Baddy.iOS", "Baddy.iOS\Baddy.iOS.csproj", "{17945A91-68AB-48FA-B91C-265911CE21E5}"
EndProject
Project("{2150E333-8FDC-42A3-9474-1A3956D46DE8}") = "Distribution", "Distribution", "{58561377-54BC-4E06-A33B-AFD272FEA2E9}"
	ProjectSection(SolutionItems) = preProject
		Distribution\badcrew.keyInfo = Distribution\badcrew.keyInfo
		Distribution\badcrew_long.png = Distribution\badcrew_long.png
		Distribution\badcrew.keystore = Distribution\badcrew.keystore
		Distribution\Google_API.txt = Distribution\Google_API.txt
		Distribution\badcrew.png = Distribution\badcrew.png
		Distribution\credentials.json = Distribution\credentials.json
		Distribution\Keystore.txt = Distribution\Keystore.txt
		Distribution\eszione.baddy.badcrew.apk = Distribution\eszione.baddy.badcrew.apk
	EndProjectSection
EndProject
Global
	GlobalSection(SolutionConfigurationPlatforms) = preSolution
		Debug|Any CPU = Debug|Any CPU
		Release|Any CPU = Release|Any CPU
	EndGlobalSection
	GlobalSection(ProjectConfigurationPlatforms) = postSolution
		{72E58B60-D86F-481C-B628-9ABE01F213BD}.Debug|Any CPU.ActiveCfg = Debug|Any CPU
		{72E58B60-D86F-481C-B628-9ABE01F213BD}.Debug|Any CPU.Build.0 = Debug|Any CPU
		{72E58B60-D86F-481C-B628-9ABE01F213BD}.Release|Any CPU.ActiveCfg = Release|Any CPU
		{72E58B60-D86F-481C-B628-9ABE01F213BD}.Release|Any CPU.Build.0 = Release|Any CPU
		{FB564151-DAA0-403E-AAA1-1215578823C3}.Debug|Any CPU.ActiveCfg = Debug|Any CPU
		{FB564151-DAA0-403E-AAA1-1215578823C3}.Debug|Any CPU.Build.0 = Debug|Any CPU
		{FB564151-DAA0-403E-AAA1-1215578823C3}.Release|Any CPU.ActiveCfg = Release|Any CPU
		{FB564151-DAA0-403E-AAA1-1215578823C3}.Release|Any CPU.Build.0 = Release|Any CPU
		{17945A91-68AB-48FA-B91C-265911CE21E5}.Debug|Any CPU.ActiveCfg = Debug|iPhoneSimulator
		{17945A91-68AB-48FA-B91C-265911CE21E5}.Debug|Any CPU.Build.0 = Debug|iPhoneSimulator
		{17945A91-68AB-48FA-B91C-265911CE21E5}.Release|Any CPU.ActiveCfg = Release|iPhoneSimulator
		{17945A91-68AB-48FA-B91C-265911CE21E5}.Release|Any CPU.Build.0 = Release|iPhoneSimulator
	EndGlobalSection
EndGlobal
